// !$*UTF8*$!
{
	archiveVersion = 1;
	classes = {
	};
	objectVersion = 56;
	objects = {

/* Begin PBXBuildFile section */
		445802642A7B999300773DD2 /* SignInAppleHelper.swift in Sources */ = {isa = PBXBuildFile; fileRef = 445802632A7B999300773DD2 /* SignInAppleHelper.swift */; };
		44984D322A8612BC00DF457B /* FirebaseFirestore in Frameworks */ = {isa = PBXBuildFile; productRef = 44984D312A8612BC00DF457B /* FirebaseFirestore */; };
		44984D362A8612BC00DF457B /* FirebaseFirestoreSwift in Frameworks */ = {isa = PBXBuildFile; productRef = 44984D352A8612BC00DF457B /* FirebaseFirestoreSwift */; };
		44984D3B2A8613FE00DF457B /* SettingsViewModel.swift in Sources */ = {isa = PBXBuildFile; fileRef = 44984D3A2A8613FE00DF457B /* SettingsViewModel.swift */; };
		44984D3E2A86148400DF457B /* AuthenticationViewModel.swift in Sources */ = {isa = PBXBuildFile; fileRef = 44984D3D2A86148400DF457B /* AuthenticationViewModel.swift */; };
		44984D432A86151D00DF457B /* SignInEmailViewModel.swift in Sources */ = {isa = PBXBuildFile; fileRef = 44984D422A86151D00DF457B /* SignInEmailViewModel.swift */; };
		44984D462A86158B00DF457B /* ProfileView.swift in Sources */ = {isa = PBXBuildFile; fileRef = 44984D452A86158B00DF457B /* ProfileView.swift */; };
		44984D4B2A862C7800DF457B /* UserManager.swift in Sources */ = {isa = PBXBuildFile; fileRef = 44984D4A2A862C7800DF457B /* UserManager.swift */; };
		449C60332A8D1029008740B0 /* ProductsView.swift in Sources */ = {isa = PBXBuildFile; fileRef = 449C60322A8D1029008740B0 /* ProductsView.swift */; };
		449C60352A8D1158008740B0 /* ProductsDatabase.swift in Sources */ = {isa = PBXBuildFile; fileRef = 449C60342A8D1158008740B0 /* ProductsDatabase.swift */; };
		449C60372A8D138D008740B0 /* ProductsManager.swift in Sources */ = {isa = PBXBuildFile; fileRef = 449C60362A8D138D008740B0 /* ProductsManager.swift */; };
		449C603A2A8D5157008740B0 /* ProductCellView.swift in Sources */ = {isa = PBXBuildFile; fileRef = 449C60392A8D5157008740B0 /* ProductCellView.swift */; };
		44AE621B2A777745003598CF /* SignInGoogleHelper.swift in Sources */ = {isa = PBXBuildFile; fileRef = 44AE621A2A777745003598CF /* SignInGoogleHelper.swift */; };
		44B3108F2A7641F80005A3CB /* GoogleService-Info.plist in Resources */ = {isa = PBXBuildFile; fileRef = 44B3108E2A7641F80005A3CB /* GoogleService-Info.plist */; };
		44B310962A76A7930005A3CB /* GoogleSignIn in Frameworks */ = {isa = PBXBuildFile; productRef = 44B310952A76A7930005A3CB /* GoogleSignIn */; };
		44B310982A76A7930005A3CB /* GoogleSignInSwift in Frameworks */ = {isa = PBXBuildFile; productRef = 44B310972A76A7930005A3CB /* GoogleSignInSwift */; };
		44B3109C2A76AC9D0005A3CB /* Utilities.swift in Sources */ = {isa = PBXBuildFile; fileRef = 44B3109B2A76AC9D0005A3CB /* Utilities.swift */; };
		44BC963F2A711ABB00156AD8 /* SwiftfulFirebaseBootcampApp.swift in Sources */ = {isa = PBXBuildFile; fileRef = 44BC963E2A711ABB00156AD8 /* SwiftfulFirebaseBootcampApp.swift */; };
		44BC96412A711ABB00156AD8 /* ContentView.swift in Sources */ = {isa = PBXBuildFile; fileRef = 44BC96402A711ABB00156AD8 /* ContentView.swift */; };
		44BC96432A711ABD00156AD8 /* Assets.xcassets in Resources */ = {isa = PBXBuildFile; fileRef = 44BC96422A711ABD00156AD8 /* Assets.xcassets */; };
		44BC96462A711ABD00156AD8 /* Preview Assets.xcassets in Resources */ = {isa = PBXBuildFile; fileRef = 44BC96452A711ABD00156AD8 /* Preview Assets.xcassets */; };
		44D9F3732A712443008156D5 /* FirebaseAuth in Frameworks */ = {isa = PBXBuildFile; productRef = 44D9F3722A712443008156D5 /* FirebaseAuth */; };
		44D9F3762A7124C7008156D5 /* AuthenticationView.swift in Sources */ = {isa = PBXBuildFile; fileRef = 44D9F3752A7124C7008156D5 /* AuthenticationView.swift */; };
		44D9F3782A7125C3008156D5 /* SignInEmailView.swift in Sources */ = {isa = PBXBuildFile; fileRef = 44D9F3772A7125C3008156D5 /* SignInEmailView.swift */; };
		44D9F37A2A71469A008156D5 /* AuthenticationManager.swift in Sources */ = {isa = PBXBuildFile; fileRef = 44D9F3792A71469A008156D5 /* AuthenticationManager.swift */; };
		44D9F37C2A714C55008156D5 /* RootView.swift in Sources */ = {isa = PBXBuildFile; fileRef = 44D9F37B2A714C55008156D5 /* RootView.swift */; };
		44D9F37E2A714F76008156D5 /* SettingsView.swift in Sources */ = {isa = PBXBuildFile; fileRef = 44D9F37D2A714F76008156D5 /* SettingsView.swift */; };
		44DAAC9B2A711EB400DF1C09 /* FirebaseAnalytics in Frameworks */ = {isa = PBXBuildFile; productRef = 44DAAC9A2A711EB400DF1C09 /* FirebaseAnalytics */; };
		44DAAC9D2A711EB400DF1C09 /* FirebaseAnalyticsSwift in Frameworks */ = {isa = PBXBuildFile; productRef = 44DAAC9C2A711EB400DF1C09 /* FirebaseAnalyticsSwift */; };
/* End PBXBuildFile section */

/* Begin PBXFileReference section */
		445802632A7B999300773DD2 /* SignInAppleHelper.swift */ = {isa = PBXFileReference; lastKnownFileType = sourcecode.swift; path = SignInAppleHelper.swift; sourceTree = "<group>"; };
		44984D3A2A8613FE00DF457B /* SettingsViewModel.swift */ = {isa = PBXFileReference; lastKnownFileType = sourcecode.swift; path = SettingsViewModel.swift; sourceTree = "<group>"; };
		44984D3D2A86148400DF457B /* AuthenticationViewModel.swift */ = {isa = PBXFileReference; lastKnownFileType = sourcecode.swift; path = AuthenticationViewModel.swift; sourceTree = "<group>"; };
		44984D422A86151D00DF457B /* SignInEmailViewModel.swift */ = {isa = PBXFileReference; lastKnownFileType = sourcecode.swift; path = SignInEmailViewModel.swift; sourceTree = "<group>"; };
		44984D452A86158B00DF457B /* ProfileView.swift */ = {isa = PBXFileReference; lastKnownFileType = sourcecode.swift; path = ProfileView.swift; sourceTree = "<group>"; };
		44984D4A2A862C7800DF457B /* UserManager.swift */ = {isa = PBXFileReference; lastKnownFileType = sourcecode.swift; path = UserManager.swift; sourceTree = "<group>"; };
		449C60322A8D1029008740B0 /* ProductsView.swift */ = {isa = PBXFileReference; lastKnownFileType = sourcecode.swift; path = ProductsView.swift; sourceTree = "<group>"; };
		449C60342A8D1158008740B0 /* ProductsDatabase.swift */ = {isa = PBXFileReference; lastKnownFileType = sourcecode.swift; path = ProductsDatabase.swift; sourceTree = "<group>"; };
		449C60362A8D138D008740B0 /* ProductsManager.swift */ = {isa = PBXFileReference; lastKnownFileType = sourcecode.swift; path = ProductsManager.swift; sourceTree = "<group>"; };
		449C60392A8D5157008740B0 /* ProductCellView.swift */ = {isa = PBXFileReference; lastKnownFileType = sourcecode.swift; path = ProductCellView.swift; sourceTree = "<group>"; };
		44AE621A2A777745003598CF /* SignInGoogleHelper.swift */ = {isa = PBXFileReference; lastKnownFileType = sourcecode.swift; path = SignInGoogleHelper.swift; sourceTree = "<group>"; };
		44B3108E2A7641F80005A3CB /* GoogleService-Info.plist */ = {isa = PBXFileReference; fileEncoding = 4; lastKnownFileType = text.plist.xml; path = "GoogleService-Info.plist"; sourceTree = "<group>"; };
		44B310992A76A7E10005A3CB /* Info.plist */ = {isa = PBXFileReference; lastKnownFileType = text.plist; path = Info.plist; sourceTree = "<group>"; };
		44B3109B2A76AC9D0005A3CB /* Utilities.swift */ = {isa = PBXFileReference; lastKnownFileType = sourcecode.swift; path = Utilities.swift; sourceTree = "<group>"; };
		44BC963B2A711ABB00156AD8 /* SwiftfulFirebaseBootcamp.app */ = {isa = PBXFileReference; explicitFileType = wrapper.application; includeInIndex = 0; path = SwiftfulFirebaseBootcamp.app; sourceTree = BUILT_PRODUCTS_DIR; };
		44BC963E2A711ABB00156AD8 /* SwiftfulFirebaseBootcampApp.swift */ = {isa = PBXFileReference; lastKnownFileType = sourcecode.swift; path = SwiftfulFirebaseBootcampApp.swift; sourceTree = "<group>"; };
		44BC96402A711ABB00156AD8 /* ContentView.swift */ = {isa = PBXFileReference; lastKnownFileType = sourcecode.swift; path = ContentView.swift; sourceTree = "<group>"; };
		44BC96422A711ABD00156AD8 /* Assets.xcassets */ = {isa = PBXFileReference; lastKnownFileType = folder.assetcatalog; path = Assets.xcassets; sourceTree = "<group>"; };
		44BC96452A711ABD00156AD8 /* Preview Assets.xcassets */ = {isa = PBXFileReference; lastKnownFileType = folder.assetcatalog; path = "Preview Assets.xcassets"; sourceTree = "<group>"; };
		44D9F3752A7124C7008156D5 /* AuthenticationView.swift */ = {isa = PBXFileReference; lastKnownFileType = sourcecode.swift; path = AuthenticationView.swift; sourceTree = "<group>"; };
		44D9F3772A7125C3008156D5 /* SignInEmailView.swift */ = {isa = PBXFileReference; lastKnownFileType = sourcecode.swift; path = SignInEmailView.swift; sourceTree = "<group>"; };
		44D9F3792A71469A008156D5 /* AuthenticationManager.swift */ = {isa = PBXFileReference; lastKnownFileType = sourcecode.swift; path = AuthenticationManager.swift; sourceTree = "<group>"; };
		44D9F37B2A714C55008156D5 /* RootView.swift */ = {isa = PBXFileReference; lastKnownFileType = sourcecode.swift; path = RootView.swift; sourceTree = "<group>"; };
		44D9F37D2A714F76008156D5 /* SettingsView.swift */ = {isa = PBXFileReference; lastKnownFileType = sourcecode.swift; path = SettingsView.swift; sourceTree = "<group>"; };
		44FF79332A7A97E100FBD6AB /* SwiftfulFirebaseBootcamp.entitlements */ = {isa = PBXFileReference; lastKnownFileType = text.plist.entitlements; path = SwiftfulFirebaseBootcamp.entitlements; sourceTree = "<group>"; };
/* End PBXFileReference section */

/* Begin PBXFrameworksBuildPhase section */
		44BC96382A711ABB00156AD8 /* Frameworks */ = {
			isa = PBXFrameworksBuildPhase;
			buildActionMask = 2147483647;
			files = (
				44B310982A76A7930005A3CB /* GoogleSignInSwift in Frameworks */,
				44DAAC9D2A711EB400DF1C09 /* FirebaseAnalyticsSwift in Frameworks */,
				44B310962A76A7930005A3CB /* GoogleSignIn in Frameworks */,
				44D9F3732A712443008156D5 /* FirebaseAuth in Frameworks */,
				44DAAC9B2A711EB400DF1C09 /* FirebaseAnalytics in Frameworks */,
				44984D322A8612BC00DF457B /* FirebaseFirestore in Frameworks */,
				44984D362A8612BC00DF457B /* FirebaseFirestoreSwift in Frameworks */,
			);
			runOnlyForDeploymentPostprocessing = 0;
		};
/* End PBXFrameworksBuildPhase section */

/* Begin PBXGroup section */
		44984D382A86137D00DF457B /* Core */ = {
			isa = PBXGroup;
			children = (
				44984D442A86155B00DF457B /* Profile */,
				44984D3C2A86144B00DF457B /* Authentication */,
				44984D392A8613DD00DF457B /* Settings */,
				44D9F37B2A714C55008156D5 /* RootView.swift */,
				449C60312A8D100C008740B0 /* Products */,
			);
			path = Core;
			sourceTree = "<group>";
		};
		44984D392A8613DD00DF457B /* Settings */ = {
			isa = PBXGroup;
			children = (
				44D9F37D2A714F76008156D5 /* SettingsView.swift */,
				44984D3A2A8613FE00DF457B /* SettingsViewModel.swift */,
			);
			path = Settings;
			sourceTree = "<group>";
		};
		44984D3C2A86144B00DF457B /* Authentication */ = {
			isa = PBXGroup;
			children = (
				44984D3F2A8614CA00DF457B /* Subviews */,
				44D9F3752A7124C7008156D5 /* AuthenticationView.swift */,
				44984D3D2A86148400DF457B /* AuthenticationViewModel.swift */,
			);
			path = Authentication;
			sourceTree = "<group>";
		};
		44984D3F2A8614CA00DF457B /* Subviews */ = {
			isa = PBXGroup;
			children = (
				44D9F3772A7125C3008156D5 /* SignInEmailView.swift */,
				44984D422A86151D00DF457B /* SignInEmailViewModel.swift */,
			);
			path = Subviews;
			sourceTree = "<group>";
		};
		44984D442A86155B00DF457B /* Profile */ = {
			isa = PBXGroup;
			children = (
				44984D452A86158B00DF457B /* ProfileView.swift */,
			);
			path = Profile;
			sourceTree = "<group>";
		};
		44984D472A862C3A00DF457B /* Firestore */ = {
			isa = PBXGroup;
			children = (
				44984D4A2A862C7800DF457B /* UserManager.swift */,
				449C60362A8D138D008740B0 /* ProductsManager.swift */,
			);
			path = Firestore;
			sourceTree = "<group>";
		};
		449C60312A8D100C008740B0 /* Products */ = {
			isa = PBXGroup;
			children = (
				449C60382A8D5135008740B0 /* Subviews */,
				449C60322A8D1029008740B0 /* ProductsView.swift */,
			);
			path = Products;
			sourceTree = "<group>";
		};
		449C60382A8D5135008740B0 /* Subviews */ = {
			isa = PBXGroup;
			children = (
				449C60392A8D5157008740B0 /* ProductCellView.swift */,
			);
			path = Subviews;
			sourceTree = "<group>";
		};
		44B3109A2A76AC8B0005A3CB /* Utilities */ = {
			isa = PBXGroup;
			children = (
				44B3109B2A76AC9D0005A3CB /* Utilities.swift */,
				449C60342A8D1158008740B0 /* ProductsDatabase.swift */,
			);
			path = Utilities;
			sourceTree = "<group>";
		};
		44BC96322A711ABB00156AD8 = {
			isa = PBXGroup;
			children = (
				44BC963D2A711ABB00156AD8 /* SwiftfulFirebaseBootcamp */,
				44BC963C2A711ABB00156AD8 /* Products */,
				44D9F3712A712443008156D5 /* Frameworks */,
			);
			sourceTree = "<group>";
		};
		44BC963C2A711ABB00156AD8 /* Products */ = {
			isa = PBXGroup;
			children = (
				44BC963B2A711ABB00156AD8 /* SwiftfulFirebaseBootcamp.app */,
			);
			name = Products;
			sourceTree = "<group>";
		};
		44BC963D2A711ABB00156AD8 /* SwiftfulFirebaseBootcamp */ = {
			isa = PBXGroup;
			children = (
				44FF79332A7A97E100FBD6AB /* SwiftfulFirebaseBootcamp.entitlements */,
				44BC963E2A711ABB00156AD8 /* SwiftfulFirebaseBootcampApp.swift */,
				44B310992A76A7E10005A3CB /* Info.plist */,
				44BC96402A711ABB00156AD8 /* ContentView.swift */,
				44B3109A2A76AC8B0005A3CB /* Utilities */,
				44984D382A86137D00DF457B /* Core */,
				44D9F3742A7124AC008156D5 /* Authentication */,
				44BC96422A711ABD00156AD8 /* Assets.xcassets */,
				44984D472A862C3A00DF457B /* Firestore */,
				44B3108E2A7641F80005A3CB /* GoogleService-Info.plist */,
				44BC96442A711ABD00156AD8 /* Preview Content */,
			);
			path = SwiftfulFirebaseBootcamp;
			sourceTree = "<group>";
		};
		44BC96442A711ABD00156AD8 /* Preview Content */ = {
			isa = PBXGroup;
			children = (
				44BC96452A711ABD00156AD8 /* Preview Assets.xcassets */,
			);
			path = "Preview Content";
			sourceTree = "<group>";
		};
		44D9F3712A712443008156D5 /* Frameworks */ = {
			isa = PBXGroup;
			children = (
			);
			name = Frameworks;
			sourceTree = "<group>";
		};
		44D9F3742A7124AC008156D5 /* Authentication */ = {
			isa = PBXGroup;
			children = (
				44D9F3792A71469A008156D5 /* AuthenticationManager.swift */,
				44AE621A2A777745003598CF /* SignInGoogleHelper.swift */,
				445802632A7B999300773DD2 /* SignInAppleHelper.swift */,
			);
			path = Authentication;
			sourceTree = "<group>";
		};
/* End PBXGroup section */

/* Begin PBXNativeTarget section */
		44BC963A2A711ABB00156AD8 /* SwiftfulFirebaseBootcamp */ = {
			isa = PBXNativeTarget;
			buildConfigurationList = 44BC96492A711ABD00156AD8 /* Build configuration list for PBXNativeTarget "SwiftfulFirebaseBootcamp" */;
			buildPhases = (
				44BC96372A711ABB00156AD8 /* Sources */,
				44BC96382A711ABB00156AD8 /* Frameworks */,
				44BC96392A711ABB00156AD8 /* Resources */,
			);
			buildRules = (
			);
			dependencies = (
			);
			name = SwiftfulFirebaseBootcamp;
			packageProductDependencies = (
				44DAAC9A2A711EB400DF1C09 /* FirebaseAnalytics */,
				44DAAC9C2A711EB400DF1C09 /* FirebaseAnalyticsSwift */,
				44D9F3722A712443008156D5 /* FirebaseAuth */,
				44B310952A76A7930005A3CB /* GoogleSignIn */,
				44B310972A76A7930005A3CB /* GoogleSignInSwift */,
				44984D312A8612BC00DF457B /* FirebaseFirestore */,
				44984D352A8612BC00DF457B /* FirebaseFirestoreSwift */,
			);
			productName = SwiftfulFirebaseBootcamp;
			productReference = 44BC963B2A711ABB00156AD8 /* SwiftfulFirebaseBootcamp.app */;
			productType = "com.apple.product-type.application";
		};
/* End PBXNativeTarget section */

/* Begin PBXProject section */
		44BC96332A711ABB00156AD8 /* Project object */ = {
			isa = PBXProject;
			attributes = {
				BuildIndependentTargetsInParallel = 1;
				LastSwiftUpdateCheck = 1430;
				LastUpgradeCheck = 1430;
				TargetAttributes = {
					44BC963A2A711ABB00156AD8 = {
						CreatedOnToolsVersion = 14.3.1;
					};
				};
			};
			buildConfigurationList = 44BC96362A711ABB00156AD8 /* Build configuration list for PBXProject "SwiftfulFirebaseBootcamp" */;
			compatibilityVersion = "Xcode 14.0";
			developmentRegion = en;
			hasScannedForEncodings = 0;
			knownRegions = (
				en,
				Base,
			);
			mainGroup = 44BC96322A711ABB00156AD8;
			packageReferences = (
				44DAAC992A711EB400DF1C09 /* XCRemoteSwiftPackageReference "firebase-ios-sdk" */,
				44B310942A76A7930005A3CB /* XCRemoteSwiftPackageReference "GoogleSignIn-iOS" */,
			);
			productRefGroup = 44BC963C2A711ABB00156AD8 /* Products */;
			projectDirPath = "";
			projectRoot = "";
			targets = (
				44BC963A2A711ABB00156AD8 /* SwiftfulFirebaseBootcamp */,
			);
		};
/* End PBXProject section */

/* Begin PBXResourcesBuildPhase section */
		44BC96392A711ABB00156AD8 /* Resources */ = {
			isa = PBXResourcesBuildPhase;
			buildActionMask = 2147483647;
			files = (
				44BC96462A711ABD00156AD8 /* Preview Assets.xcassets in Resources */,
				44BC96432A711ABD00156AD8 /* Assets.xcassets in Resources */,
				44B3108F2A7641F80005A3CB /* GoogleService-Info.plist in Resources */,
			);
			runOnlyForDeploymentPostprocessing = 0;
		};
/* End PBXResourcesBuildPhase section */

/* Begin PBXSourcesBuildPhase section */
		44BC96372A711ABB00156AD8 /* Sources */ = {
			isa = PBXSourcesBuildPhase;
			buildActionMask = 2147483647;
			files = (
				44984D3E2A86148400DF457B /* AuthenticationViewModel.swift in Sources */,
				44D9F37E2A714F76008156D5 /* SettingsView.swift in Sources */,
				449C603A2A8D5157008740B0 /* ProductCellView.swift in Sources */,
				44BC96412A711ABB00156AD8 /* ContentView.swift in Sources */,
				44984D4B2A862C7800DF457B /* UserManager.swift in Sources */,
				44BC963F2A711ABB00156AD8 /* SwiftfulFirebaseBootcampApp.swift in Sources */,
				449C60352A8D1158008740B0 /* ProductsDatabase.swift in Sources */,
				44D9F37C2A714C55008156D5 /* RootView.swift in Sources */,
				449C60372A8D138D008740B0 /* ProductsManager.swift in Sources */,
				44984D432A86151D00DF457B /* SignInEmailViewModel.swift in Sources */,
				44AE621B2A777745003598CF /* SignInGoogleHelper.swift in Sources */,
				44D9F3762A7124C7008156D5 /* AuthenticationView.swift in Sources */,
				44D9F37A2A71469A008156D5 /* AuthenticationManager.swift in Sources */,
				44B3109C2A76AC9D0005A3CB /* Utilities.swift in Sources */,
				44984D3B2A8613FE00DF457B /* SettingsViewModel.swift in Sources */,
				449C60332A8D1029008740B0 /* ProductsView.swift in Sources */,
				445802642A7B999300773DD2 /* SignInAppleHelper.swift in Sources */,
				44984D462A86158B00DF457B /* ProfileView.swift in Sources */,
				44D9F3782A7125C3008156D5 /* SignInEmailView.swift in Sources */,
			);
			runOnlyForDeploymentPostprocessing = 0;
		};
/* End PBXSourcesBuildPhase section */

/* Begin XCBuildConfiguration section */
		44BC96472A711ABD00156AD8 /* Debug */ = {
			isa = XCBuildConfiguration;
			buildSettings = {
				ALWAYS_SEARCH_USER_PATHS = NO;
				CLANG_ANALYZER_NONNULL = YES;
				CLANG_ANALYZER_NUMBER_OBJECT_CONVERSION = YES_AGGRESSIVE;
				CLANG_CXX_LANGUAGE_STANDARD = "gnu++20";
				CLANG_ENABLE_MODULES = YES;
				CLANG_ENABLE_OBJC_ARC = YES;
				CLANG_ENABLE_OBJC_WEAK = YES;
				CLANG_WARN_BLOCK_CAPTURE_AUTORELEASING = YES;
				CLANG_WARN_BOOL_CONVERSION = YES;
				CLANG_WARN_COMMA = YES;
				CLANG_WARN_CONSTANT_CONVERSION = YES;
				CLANG_WARN_DEPRECATED_OBJC_IMPLEMENTATIONS = YES;
				CLANG_WARN_DIRECT_OBJC_ISA_USAGE = YES_ERROR;
				CLANG_WARN_DOCUMENTATION_COMMENTS = YES;
				CLANG_WARN_EMPTY_BODY = YES;
				CLANG_WARN_ENUM_CONVERSION = YES;
				CLANG_WARN_INFINITE_RECURSION = YES;
				CLANG_WARN_INT_CONVERSION = YES;
				CLANG_WARN_NON_LITERAL_NULL_CONVERSION = YES;
				CLANG_WARN_OBJC_IMPLICIT_RETAIN_SELF = YES;
				CLANG_WARN_OBJC_LITERAL_CONVERSION = YES;
				CLANG_WARN_OBJC_ROOT_CLASS = YES_ERROR;
				CLANG_WARN_QUOTED_INCLUDE_IN_FRAMEWORK_HEADER = YES;
				CLANG_WARN_RANGE_LOOP_ANALYSIS = YES;
				CLANG_WARN_STRICT_PROTOTYPES = YES;
				CLANG_WARN_SUSPICIOUS_MOVE = YES;
				CLANG_WARN_UNGUARDED_AVAILABILITY = YES_AGGRESSIVE;
				CLANG_WARN_UNREACHABLE_CODE = YES;
				CLANG_WARN__DUPLICATE_METHOD_MATCH = YES;
				COPY_PHASE_STRIP = NO;
				DEBUG_INFORMATION_FORMAT = dwarf;
				ENABLE_STRICT_OBJC_MSGSEND = YES;
				ENABLE_TESTABILITY = YES;
				GCC_C_LANGUAGE_STANDARD = gnu11;
				GCC_DYNAMIC_NO_PIC = NO;
				GCC_NO_COMMON_BLOCKS = YES;
				GCC_OPTIMIZATION_LEVEL = 0;
				GCC_PREPROCESSOR_DEFINITIONS = (
					"DEBUG=1",
					"$(inherited)",
				);
				GCC_WARN_64_TO_32_BIT_CONVERSION = YES;
				GCC_WARN_ABOUT_RETURN_TYPE = YES_ERROR;
				GCC_WARN_UNDECLARED_SELECTOR = YES;
				GCC_WARN_UNINITIALIZED_AUTOS = YES_AGGRESSIVE;
				GCC_WARN_UNUSED_FUNCTION = YES;
				GCC_WARN_UNUSED_VARIABLE = YES;
				IPHONEOS_DEPLOYMENT_TARGET = 16.4;
				MTL_ENABLE_DEBUG_INFO = INCLUDE_SOURCE;
				MTL_FAST_MATH = YES;
				ONLY_ACTIVE_ARCH = YES;
				SDKROOT = iphoneos;
				SWIFT_ACTIVE_COMPILATION_CONDITIONS = DEBUG;
				SWIFT_OPTIMIZATION_LEVEL = "-Onone";
			};
			name = Debug;
		};
		44BC96482A711ABD00156AD8 /* Release */ = {
			isa = XCBuildConfiguration;
			buildSettings = {
				ALWAYS_SEARCH_USER_PATHS = NO;
				CLANG_ANALYZER_NONNULL = YES;
				CLANG_ANALYZER_NUMBER_OBJECT_CONVERSION = YES_AGGRESSIVE;
				CLANG_CXX_LANGUAGE_STANDARD = "gnu++20";
				CLANG_ENABLE_MODULES = YES;
				CLANG_ENABLE_OBJC_ARC = YES;
				CLANG_ENABLE_OBJC_WEAK = YES;
				CLANG_WARN_BLOCK_CAPTURE_AUTORELEASING = YES;
				CLANG_WARN_BOOL_CONVERSION = YES;
				CLANG_WARN_COMMA = YES;
				CLANG_WARN_CONSTANT_CONVERSION = YES;
				CLANG_WARN_DEPRECATED_OBJC_IMPLEMENTATIONS = YES;
				CLANG_WARN_DIRECT_OBJC_ISA_USAGE = YES_ERROR;
				CLANG_WARN_DOCUMENTATION_COMMENTS = YES;
				CLANG_WARN_EMPTY_BODY = YES;
				CLANG_WARN_ENUM_CONVERSION = YES;
				CLANG_WARN_INFINITE_RECURSION = YES;
				CLANG_WARN_INT_CONVERSION = YES;
				CLANG_WARN_NON_LITERAL_NULL_CONVERSION = YES;
				CLANG_WARN_OBJC_IMPLICIT_RETAIN_SELF = YES;
				CLANG_WARN_OBJC_LITERAL_CONVERSION = YES;
				CLANG_WARN_OBJC_ROOT_CLASS = YES_ERROR;
				CLANG_WARN_QUOTED_INCLUDE_IN_FRAMEWORK_HEADER = YES;
				CLANG_WARN_RANGE_LOOP_ANALYSIS = YES;
				CLANG_WARN_STRICT_PROTOTYPES = YES;
				CLANG_WARN_SUSPICIOUS_MOVE = YES;
				CLANG_WARN_UNGUARDED_AVAILABILITY = YES_AGGRESSIVE;
				CLANG_WARN_UNREACHABLE_CODE = YES;
				CLANG_WARN__DUPLICATE_METHOD_MATCH = YES;
				COPY_PHASE_STRIP = NO;
				DEBUG_INFORMATION_FORMAT = "dwarf-with-dsym";
				ENABLE_NS_ASSERTIONS = NO;
				ENABLE_STRICT_OBJC_MSGSEND = YES;
				GCC_C_LANGUAGE_STANDARD = gnu11;
				GCC_NO_COMMON_BLOCKS = YES;
				GCC_WARN_64_TO_32_BIT_CONVERSION = YES;
				GCC_WARN_ABOUT_RETURN_TYPE = YES_ERROR;
				GCC_WARN_UNDECLARED_SELECTOR = YES;
				GCC_WARN_UNINITIALIZED_AUTOS = YES_AGGRESSIVE;
				GCC_WARN_UNUSED_FUNCTION = YES;
				GCC_WARN_UNUSED_VARIABLE = YES;
				IPHONEOS_DEPLOYMENT_TARGET = 16.4;
				MTL_ENABLE_DEBUG_INFO = NO;
				MTL_FAST_MATH = YES;
				SDKROOT = iphoneos;
				SWIFT_COMPILATION_MODE = wholemodule;
				SWIFT_OPTIMIZATION_LEVEL = "-O";
				VALIDATE_PRODUCT = YES;
			};
			name = Release;
		};
		44BC964A2A711ABD00156AD8 /* Debug */ = {
			isa = XCBuildConfiguration;
			buildSettings = {
				ASSETCATALOG_COMPILER_APPICON_NAME = AppIcon;
				ASSETCATALOG_COMPILER_GLOBAL_ACCENT_COLOR_NAME = AccentColor;
				CODE_SIGN_ENTITLEMENTS = SwiftfulFirebaseBootcamp/SwiftfulFirebaseBootcamp.entitlements;
				CODE_SIGN_IDENTITY = "Apple Development";
				CODE_SIGN_STYLE = Automatic;
				CURRENT_PROJECT_VERSION = 1;
				DEVELOPMENT_ASSET_PATHS = "\"SwiftfulFirebaseBootcamp/Preview Content\"";
				DEVELOPMENT_TEAM = DB7BCY9TRW;
				ENABLE_PREVIEWS = YES;
				GENERATE_INFOPLIST_FILE = YES;
				INFOPLIST_FILE = SwiftfulFirebaseBootcamp/Info.plist;
				INFOPLIST_KEY_CFBundleDisplayName = "";
				INFOPLIST_KEY_LSApplicationCategoryType = "";
				INFOPLIST_KEY_UIApplicationSceneManifest_Generation = YES;
				INFOPLIST_KEY_UIApplicationSupportsIndirectInputEvents = YES;
				INFOPLIST_KEY_UILaunchScreen_Generation = YES;
				INFOPLIST_KEY_UISupportedInterfaceOrientations_iPad = "UIInterfaceOrientationPortrait UIInterfaceOrientationPortraitUpsideDown UIInterfaceOrientationLandscapeLeft UIInterfaceOrientationLandscapeRight";
				INFOPLIST_KEY_UISupportedInterfaceOrientations_iPhone = "UIInterfaceOrientationPortrait UIInterfaceOrientationLandscapeLeft UIInterfaceOrientationLandscapeRight";
				LD_RUNPATH_SEARCH_PATHS = (
					"$(inherited)",
					"@executable_path/Frameworks",
				);
				MARKETING_VERSION = 1.0;
				PRODUCT_BUNDLE_IDENTIFIER = com.matchpoze.SwiftfulFirebaseBootcamp;
				PRODUCT_NAME = "$(TARGET_NAME)";
				PROVISIONING_PROFILE_SPECIFIER = "";
				SWIFT_EMIT_LOC_STRINGS = YES;
				SWIFT_VERSION = 5.0;
				TARGETED_DEVICE_FAMILY = "1,2";
			};
			name = Debug;
		};
		44BC964B2A711ABD00156AD8 /* Release */ = {
			isa = XCBuildConfiguration;
			buildSettings = {
				ASSETCATALOG_COMPILER_APPICON_NAME = AppIcon;
				ASSETCATALOG_COMPILER_GLOBAL_ACCENT_COLOR_NAME = AccentColor;
				CODE_SIGN_ENTITLEMENTS = SwiftfulFirebaseBootcamp/SwiftfulFirebaseBootcamp.entitlements;
				CODE_SIGN_IDENTITY = "Apple Development";
				CODE_SIGN_STYLE = Automatic;
				CURRENT_PROJECT_VERSION = 1;
				DEVELOPMENT_ASSET_PATHS = "\"SwiftfulFirebaseBootcamp/Preview Content\"";
				DEVELOPMENT_TEAM = DB7BCY9TRW;
				ENABLE_PREVIEWS = YES;
				GENERATE_INFOPLIST_FILE = YES;
				INFOPLIST_FILE = SwiftfulFirebaseBootcamp/Info.plist;
				INFOPLIST_KEY_CFBundleDisplayName = "";
				INFOPLIST_KEY_LSApplicationCategoryType = "";
				INFOPLIST_KEY_UIApplicationSceneManifest_Generation = YES;
				INFOPLIST_KEY_UIApplicationSupportsIndirectInputEvents = YES;
				INFOPLIST_KEY_UILaunchScreen_Generation = YES;
				INFOPLIST_KEY_UISupportedInterfaceOrientations_iPad = "UIInterfaceOrientationPortrait UIInterfaceOrientationPortraitUpsideDown UIInterfaceOrientationLandscapeLeft UIInterfaceOrientationLandscapeRight";
				INFOPLIST_KEY_UISupportedInterfaceOrientations_iPhone = "UIInterfaceOrientationPortrait UIInterfaceOrientationLandscapeLeft UIInterfaceOrientationLandscapeRight";
				LD_RUNPATH_SEARCH_PATHS = (
					"$(inherited)",
					"@executable_path/Frameworks",
				);
				MARKETING_VERSION = 1.0;
				PRODUCT_BUNDLE_IDENTIFIER = com.matchpoze.SwiftfulFirebaseBootcamp;
				PRODUCT_NAME = "$(TARGET_NAME)";
				PROVISIONING_PROFILE_SPECIFIER = "";
				SWIFT_EMIT_LOC_STRINGS = YES;
				SWIFT_VERSION = 5.0;
				TARGETED_DEVICE_FAMILY = "1,2";
			};
			name = Release;
		};
/* End XCBuildConfiguration section */

/* Begin XCConfigurationList section */
		44BC96362A711ABB00156AD8 /* Build configuration list for PBXProject "SwiftfulFirebaseBootcamp" */ = {
			isa = XCConfigurationList;
			buildConfigurations = (
				44BC96472A711ABD00156AD8 /* Debug */,
				44BC96482A711ABD00156AD8 /* Release */,
			);
			defaultConfigurationIsVisible = 0;
			defaultConfigurationName = Release;
		};
		44BC96492A711ABD00156AD8 /* Build configuration list for PBXNativeTarget "SwiftfulFirebaseBootcamp" */ = {
			isa = XCConfigurationList;
			buildConfigurations = (
				44BC964A2A711ABD00156AD8 /* Debug */,
				44BC964B2A711ABD00156AD8 /* Release */,
			);
			defaultConfigurationIsVisible = 0;
			defaultConfigurationName = Release;
		};
/* End XCConfigurationList section */

/* Begin XCRemoteSwiftPackageReference section */
		44B310942A76A7930005A3CB /* XCRemoteSwiftPackageReference "GoogleSignIn-iOS" */ = {
			isa = XCRemoteSwiftPackageReference;
			repositoryURL = "https://github.com/google/GoogleSignIn-iOS";
			requirement = {
				kind = upToNextMajorVersion;
				minimumVersion = 7.0.0;
			};
		};
		44DAAC992A711EB400DF1C09 /* XCRemoteSwiftPackageReference "firebase-ios-sdk" */ = {
			isa = XCRemoteSwiftPackageReference;
			repositoryURL = "https://github.com/firebase/firebase-ios-sdk";
			requirement = {
				kind = upToNextMajorVersion;
				minimumVersion = 10.0.0;
			};
		};
/* End XCRemoteSwiftPackageReference section */

/* Begin XCSwiftPackageProductDependency section */
		44984D312A8612BC00DF457B /* FirebaseFirestore */ = {
			isa = XCSwiftPackageProductDependency;
			package = 44DAAC992A711EB400DF1C09 /* XCRemoteSwiftPackageReference "firebase-ios-sdk" */;
			productName = FirebaseFirestore;
		};
		44984D352A8612BC00DF457B /* FirebaseFirestoreSwift */ = {
			isa = XCSwiftPackageProductDependency;
			package = 44DAAC992A711EB400DF1C09 /* XCRemoteSwiftPackageReference "firebase-ios-sdk" */;
			productName = FirebaseFirestoreSwift;
		};
		44B310952A76A7930005A3CB /* GoogleSignIn */ = {
			isa = XCSwiftPackageProductDependency;
			package = 44B310942A76A7930005A3CB /* XCRemoteSwiftPackageReference "GoogleSignIn-iOS" */;
			productName = GoogleSignIn;
		};
		44B310972A76A7930005A3CB /* GoogleSignInSwift */ = {
			isa = XCSwiftPackageProductDependency;
			package = 44B310942A76A7930005A3CB /* XCRemoteSwiftPackageReference "GoogleSignIn-iOS" */;
			productName = GoogleSignInSwift;
		};
		44D9F3722A712443008156D5 /* FirebaseAuth */ = {
			isa = XCSwiftPackageProductDependency;
			package = 44DAAC992A711EB400DF1C09 /* XCRemoteSwiftPackageReference "firebase-ios-sdk" */;
			productName = FirebaseAuth;
		};
		44DAAC9A2A711EB400DF1C09 /* FirebaseAnalytics */ = {
			isa = XCSwiftPackageProductDependency;
			package = 44DAAC992A711EB400DF1C09 /* XCRemoteSwiftPackageReference "firebase-ios-sdk" */;
			productName = FirebaseAnalytics;
		};
		44DAAC9C2A711EB400DF1C09 /* FirebaseAnalyticsSwift */ = {
			isa = XCSwiftPackageProductDependency;
			package = 44DAAC992A711EB400DF1C09 /* XCRemoteSwiftPackageReference "firebase-ios-sdk" */;
			productName = FirebaseAnalyticsSwift;
		};
/* End XCSwiftPackageProductDependency section */
	};
	rootObject = 44BC96332A711ABB00156AD8 /* Project object */;
}
